
Microsoft Visual Studio Solution File, Format Version 12.00
# Visual Studio 11
Project("{FAE04EC0-301F-11D3-BF4B-00C04F79EFBC}") = "NoninvasiveMvc4Testing", "NoninvasiveMvc4Testing\NoninvasiveMvc4Testing.csproj", "{99C0B319-7506-4063-B464-23884F52F8E7}"
EndProject
Project("{FAE04EC0-301F-11D3-BF4B-00C04F79EFBC}") = "NoninvasiveMvc4Testing.Tests", "NoninvasiveMvc4Testing.Tests\NoninvasiveMvc4Testing.Tests.csproj", "{4FAC47FD-52BE-4AD2-946F-83BCE717C765}"
EndProject
Global
	GlobalSection(SolutionConfigurationPlatforms) = preSolution
		Debug|Any CPU = Debug|Any CPU
		Release|Any CPU = Release|Any CPU
	EndGlobalSection
	GlobalSection(ProjectConfigurationPlatforms) = postSolution
		{4FAC47FD-52BE-4AD2-946F-83BCE717C765}.Debug|Any CPU.ActiveCfg = Debug|Any CPU
		{4FAC47FD-52BE-4AD2-946F-83BCE717C765}.Debug|Any CPU.Build.0 = Debug|Any CPU
		{4FAC47FD-52BE-4AD2-946F-83BCE717C765}.Release|Any CPU.ActiveCfg = Release|Any CPU
		{4FAC47FD-52BE-4AD2-946F-83BCE717C765}.Release|Any CPU.Build.0 = Release|Any CPU
		{99C0B319-7506-4063-B464-23884F52F8E7}.Debug|Any CPU.ActiveCfg = Debug|Any CPU
		{99C0B319-7506-4063-B464-23884F52F8E7}.Debug|Any CPU.Build.0 = Debug|Any CPU
		{99C0B319-7506-4063-B464-23884F52F8E7}.Release|Any CPU.ActiveCfg = Release|Any CPU
		{99C0B319-7506-4063-B464-23884F52F8E7}.Release|Any CPU.Build.0 = Release|Any CPU
	EndGlobalSection
	GlobalSection(SolutionProperties) = preSolution
		HideSolutionNode = FALSE
	EndGlobalSection
EndGlobal
