
Microsoft Visual Studio Solution File, Format Version 11.00
# Visual Studio 2010
Project("{FAE04EC0-301F-11D3-BF4B-00C04F79EFBC}") = "VSIXProject1", "VSIXProject1\VSIXProject1.csproj", "{7B7C3067-E44D-416A-AC9E-35E5AB443778}"
EndProject
Global
	GlobalSection(SolutionConfigurationPlatforms) = preSolution
		Debug|Any CPU = Debug|Any CPU
		Release|Any CPU = Release|Any CPU
	EndGlobalSection
	GlobalSection(ProjectConfigurationPlatforms) = postSolution
		{7B7C3067-E44D-416A-AC9E-35E5AB443778}.Debug|Any CPU.ActiveCfg = Debug|Any CPU
		{7B7C3067-E44D-416A-AC9E-35E5AB443778}.Debug|Any CPU.Build.0 = Debug|Any CPU
		{7B7C3067-E44D-416A-AC9E-35E5AB443778}.Release|Any CPU.ActiveCfg = Release|Any CPU
		{7B7C3067-E44D-416A-AC9E-35E5AB443778}.Release|Any CPU.Build.0 = Release|Any CPU
	EndGlobalSection
	GlobalSection(SolutionProperties) = preSolution
		HideSolutionNode = FALSE
	EndGlobalSection
EndGlobal
